// !$*UTF8*$!
{
	archiveVersion = 1;
	classes = {
	};
	objectVersion = 77;
	objects = {

/* Begin PBXBuildFile section */
		C961F3E62E07C0BD005554E6 /* SDWebImageSwiftUI in Frameworks */ = {isa = PBXBuildFile; productRef = C961F3E52E07C0BD005554E6 /* SDWebImageSwiftUI */; };
/* End PBXBuildFile section */

/* Begin PBXContainerItemProxy section */
		C961F3A22E070D61005554E6 /* PBXContainerItemProxy */ = {
			isa = PBXContainerItemProxy;
			containerPortal = C961F38A2E070D5E005554E6 /* Project object */;
			proxyType = 1;
			remoteGlobalIDString = C961F3912E070D5E005554E6;
			remoteInfo = "swift-ui-components";
		};
		C961F3AC2E070D61005554E6 /* PBXContainerItemProxy */ = {
			isa = PBXContainerItemProxy;
			containerPortal = C961F38A2E070D5E005554E6 /* Project object */;
			proxyType = 1;
			remoteGlobalIDString = C961F3912E070D5E005554E6;
			remoteInfo = "swift-ui-components";
		};
/* End PBXContainerItemProxy section */

/* Begin PBXFileReference section */
		C961F3922E070D5E005554E6 /* swift-ui-components.app */ = {isa = PBXFileReference; explicitFileType = wrapper.application; includeInIndex = 0; path = "swift-ui-components.app"; sourceTree = BUILT_PRODUCTS_DIR; };
		C961F3A12E070D61005554E6 /* swift-ui-componentsTests.xctest */ = {isa = PBXFileReference; explicitFileType = wrapper.cfbundle; includeInIndex = 0; path = "swift-ui-componentsTests.xctest"; sourceTree = BUILT_PRODUCTS_DIR; };
		C961F3AB2E070D61005554E6 /* swift-ui-componentsUITests.xctest */ = {isa = PBXFileReference; explicitFileType = wrapper.cfbundle; includeInIndex = 0; path = "swift-ui-componentsUITests.xctest"; sourceTree = BUILT_PRODUCTS_DIR; };
/* End PBXFileReference section */

/* Begin PBXFileSystemSynchronizedRootGroup section */
		C961F3942E070D5E005554E6 /* swift-ui-components */ = {
			isa = PBXFileSystemSynchronizedRootGroup;
			path = "swift-ui-components";
			sourceTree = "<group>";
		};
		C961F3A42E070D61005554E6 /* swift-ui-componentsTests */ = {
			isa = PBXFileSystemSynchronizedRootGroup;
			path = "swift-ui-componentsTests";
			sourceTree = "<group>";
		};
		C961F3AE2E070D61005554E6 /* swift-ui-componentsUITests */ = {
			isa = PBXFileSystemSynchronizedRootGroup;
			path = "swift-ui-componentsUITests";
			sourceTree = "<group>";
		};
/* End PBXFileSystemSynchronizedRootGroup section */

/* Begin PBXFrameworksBuildPhase section */
		C961F38F2E070D5E005554E6 /* Frameworks */ = {
			isa = PBXFrameworksBuildPhase;
			buildActionMask = 2147483647;
			files = (
				C961F3E62E07C0BD005554E6 /* SDWebImageSwiftUI in Frameworks */,
			);
			runOnlyForDeploymentPostprocessing = 0;
		};
		C961F39E2E070D61005554E6 /* Frameworks */ = {
			isa = PBXFrameworksBuildPhase;
			buildActionMask = 2147483647;
			files = (
			);
			runOnlyForDeploymentPostprocessing = 0;
		};
		C961F3A82E070D61005554E6 /* Frameworks */ = {
			isa = PBXFrameworksBuildPhase;
			buildActionMask = 2147483647;
			files = (
			);
			runOnlyForDeploymentPostprocessing = 0;
		};
/* End PBXFrameworksBuildPhase section */

/* Begin PBXGroup section */
		C961F3892E070D5E005554E6 = {
			isa = PBXGroup;
			children = (
				C961F3942E070D5E005554E6 /* swift-ui-components */,
				C961F3A42E070D61005554E6 /* swift-ui-componentsTests */,
				C961F3AE2E070D61005554E6 /* swift-ui-componentsUITests */,
				C961F3932E070D5E005554E6 /* Products */,
			);
			sourceTree = "<group>";
		};
		C961F3932E070D5E005554E6 /* Products */ = {
			isa = PBXGroup;
			children = (
				C961F3922E070D5E005554E6 /* swift-ui-components.app */,
				C961F3A12E070D61005554E6 /* swift-ui-componentsTests.xctest */,
				C961F3AB2E070D61005554E6 /* swift-ui-componentsUITests.xctest */,
			);
			name = Products;
			sourceTree = "<group>";
		};
/* End PBXGroup section */

/* Begin PBXNativeTarget section */
		C961F3912E070D5E005554E6 /* swift-ui-components */ = {
			isa = PBXNativeTarget;
			buildConfigurationList = C961F3B52E070D61005554E6 /* Build configuration list for PBXNativeTarget "swift-ui-components" */;
			buildPhases = (
				C961F38E2E070D5E005554E6 /* Sources */,
				C961F38F2E070D5E005554E6 /* Frameworks */,
				C961F3902E070D5E005554E6 /* Resources */,
			);
			buildRules = (
			);
			dependencies = (
			);
			fileSystemSynchronizedGroups = (
				C961F3942E070D5E005554E6 /* swift-ui-components */,
			);
			name = "swift-ui-components";
			packageProductDependencies = (
				C961F3E52E07C0BD005554E6 /* SDWebImageSwiftUI */,
			);
			productName = "swift-ui-components";
			productReference = C961F3922E070D5E005554E6 /* swift-ui-components.app */;
			productType = "com.apple.product-type.application";
		};
		C961F3A02E070D61005554E6 /* swift-ui-componentsTests */ = {
			isa = PBXNativeTarget;
			buildConfigurationList = C961F3B82E070D61005554E6 /* Build configuration list for PBXNativeTarget "swift-ui-componentsTests" */;
			buildPhases = (
				C961F39D2E070D61005554E6 /* Sources */,
				C961F39E2E070D61005554E6 /* Frameworks */,
				C961F39F2E070D61005554E6 /* Resources */,
			);
			buildRules = (
			);
			dependencies = (
				C961F3A32E070D61005554E6 /* PBXTargetDependency */,
			);
			fileSystemSynchronizedGroups = (
				C961F3A42E070D61005554E6 /* swift-ui-componentsTests */,
			);
			name = "swift-ui-componentsTests";
			packageProductDependencies = (
			);
			productName = "swift-ui-componentsTests";
			productReference = C961F3A12E070D61005554E6 /* swift-ui-componentsTests.xctest */;
			productType = "com.apple.product-type.bundle.unit-test";
		};
		C961F3AA2E070D61005554E6 /* swift-ui-componentsUITests */ = {
			isa = PBXNativeTarget;
			buildConfigurationList = C961F3BB2E070D61005554E6 /* Build configuration list for PBXNativeTarget "swift-ui-componentsUITests" */;
			buildPhases = (
				C961F3A72E070D61005554E6 /* Sources */,
				C961F3A82E070D61005554E6 /* Frameworks */,
				C961F3A92E070D61005554E6 /* Resources */,
			);
			buildRules = (
			);
			dependencies = (
				C961F3AD2E070D61005554E6 /* PBXTargetDependency */,
			);
			fileSystemSynchronizedGroups = (
				C961F3AE2E070D61005554E6 /* swift-ui-componentsUITests */,
			);
			name = "swift-ui-componentsUITests";
			packageProductDependencies = (
			);
			productName = "swift-ui-componentsUITests";
			productReference = C961F3AB2E070D61005554E6 /* swift-ui-componentsUITests.xctest */;
			productType = "com.apple.product-type.bundle.ui-testing";
		};
/* End PBXNativeTarget section */

/* Begin PBXProject section */
		C961F38A2E070D5E005554E6 /* Project object */ = {
			isa = PBXProject;
			attributes = {
				BuildIndependentTargetsInParallel = 1;
				LastSwiftUpdateCheck = 1640;
				LastUpgradeCheck = 1640;
				TargetAttributes = {
					C961F3912E070D5E005554E6 = {
						CreatedOnToolsVersion = 16.4;
					};
					C961F3A02E070D61005554E6 = {
						CreatedOnToolsVersion = 16.4;
						TestTargetID = C961F3912E070D5E005554E6;
					};
					C961F3AA2E070D61005554E6 = {
						CreatedOnToolsVersion = 16.4;
						TestTargetID = C961F3912E070D5E005554E6;
					};
				};
			};
			buildConfigurationList = C961F38D2E070D5E005554E6 /* Build configuration list for PBXProject "swift-ui-components" */;
			developmentRegion = en;
			hasScannedForEncodings = 0;
			knownRegions = (
				en,
				Base,
			);
			mainGroup = C961F3892E070D5E005554E6;
			minimizedProjectReferenceProxies = 1;
			packageReferences = (
				C961F3E42E07C0BD005554E6 /* XCRemoteSwiftPackageReference "SDWebImageSwiftUI" */,
			);
			preferredProjectObjectVersion = 77;
			productRefGroup = C961F3932E070D5E005554E6 /* Products */;
			projectDirPath = "";
			projectRoot = "";
			targets = (
				C961F3912E070D5E005554E6 /* swift-ui-components */,
				C961F3A02E070D61005554E6 /* swift-ui-componentsTests */,
				C961F3AA2E070D61005554E6 /* swift-ui-componentsUITests */,
			);
		};
/* End PBXProject section */

/* Begin PBXResourcesBuildPhase section */
		C961F3902E070D5E005554E6 /* Resources */ = {
			isa = PBXResourcesBuildPhase;
			buildActionMask = 2147483647;
			files = (
			);
			runOnlyForDeploymentPostprocessing = 0;
		};
		C961F39F2E070D61005554E6 /* Resources */ = {
			isa = PBXResourcesBuildPhase;
			buildActionMask = 2147483647;
			files = (
			);
			runOnlyForDeploymentPostprocessing = 0;
		};
		C961F3A92E070D61005554E6 /* Resources */ = {
			isa = PBXResourcesBuildPhase;
			buildActionMask = 2147483647;
			files = (
			);
			runOnlyForDeploymentPostprocessing = 0;
		};
/* End PBXResourcesBuildPhase section */

/* Begin PBXSourcesBuildPhase section */
		C961F38E2E070D5E005554E6 /* Sources */ = {
			isa = PBXSourcesBuildPhase;
			buildActionMask = 2147483647;
			files = (
			);
			runOnlyForDeploymentPostprocessing = 0;
		};
		C961F39D2E070D61005554E6 /* Sources */ = {
			isa = PBXSourcesBuildPhase;
			buildActionMask = 2147483647;
			files = (
			);
			runOnlyForDeploymentPostprocessing = 0;
		};
		C961F3A72E070D61005554E6 /* Sources */ = {
			isa = PBXSourcesBuildPhase;
			buildActionMask = 2147483647;
			files = (
			);
			runOnlyForDeploymentPostprocessing = 0;
		};
/* End PBXSourcesBuildPhase section */

/* Begin PBXTargetDependency section */
		C961F3A32E070D61005554E6 /* PBXTargetDependency */ = {
			isa = PBXTargetDependency;
			target = C961F3912E070D5E005554E6 /* swift-ui-components */;
			targetProxy = C961F3A22E070D61005554E6 /* PBXContainerItemProxy */;
		};
		C961F3AD2E070D61005554E6 /* PBXTargetDependency */ = {
			isa = PBXTargetDependency;
			target = C961F3912E070D5E005554E6 /* swift-ui-components */;
			targetProxy = C961F3AC2E070D61005554E6 /* PBXContainerItemProxy */;
		};
/* End PBXTargetDependency section */

/* Begin XCBuildConfiguration section */
		C961F3B32E070D61005554E6 /* Debug */ = {
			isa = XCBuildConfiguration;
			buildSettings = {
				ALWAYS_SEARCH_USER_PATHS = NO;
				ASSETCATALOG_COMPILER_GENERATE_SWIFT_ASSET_SYMBOL_EXTENSIONS = YES;
				CLANG_ANALYZER_NONNULL = YES;
				CLANG_ANALYZER_NUMBER_OBJECT_CONVERSION = YES_AGGRESSIVE;
				CLANG_CXX_LANGUAGE_STANDARD = "gnu++20";
				CLANG_ENABLE_MODULES = YES;
				CLANG_ENABLE_OBJC_ARC = YES;
				CLANG_ENABLE_OBJC_WEAK = YES;
				CLANG_WARN_BLOCK_CAPTURE_AUTORELEASING = YES;
				CLANG_WARN_BOOL_CONVERSION = YES;
				CLANG_WARN_COMMA = YES;
				CLANG_WARN_CONSTANT_CONVERSION = YES;
				CLANG_WARN_DEPRECATED_OBJC_IMPLEMENTATIONS = YES;
				CLANG_WARN_DIRECT_OBJC_ISA_USAGE = YES_ERROR;
				CLANG_WARN_DOCUMENTATION_COMMENTS = YES;
				CLANG_WARN_EMPTY_BODY = YES;
				CLANG_WARN_ENUM_CONVERSION = YES;
				CLANG_WARN_INFINITE_RECURSION = YES;
				CLANG_WARN_INT_CONVERSION = YES;
				CLANG_WARN_NON_LITERAL_NULL_CONVERSION = YES;
				CLANG_WARN_OBJC_IMPLICIT_RETAIN_SELF = YES;
				CLANG_WARN_OBJC_LITERAL_CONVERSION = YES;
				CLANG_WARN_OBJC_ROOT_CLASS = YES_ERROR;
				CLANG_WARN_QUOTED_INCLUDE_IN_FRAMEWORK_HEADER = YES;
				CLANG_WARN_RANGE_LOOP_ANALYSIS = YES;
				CLANG_WARN_STRICT_PROTOTYPES = YES;
				CLANG_WARN_SUSPICIOUS_MOVE = YES;
				CLANG_WARN_UNGUARDED_AVAILABILITY = YES_AGGRESSIVE;
				CLANG_WARN_UNREACHABLE_CODE = YES;
				CLANG_WARN__DUPLICATE_METHOD_MATCH = YES;
				COPY_PHASE_STRIP = NO;
				DEBUG_INFORMATION_FORMAT = dwarf;
				DEVELOPMENT_TEAM = ZL2YN8F727;
				ENABLE_STRICT_OBJC_MSGSEND = YES;
				ENABLE_TESTABILITY = YES;
				ENABLE_USER_SCRIPT_SANDBOXING = YES;
				GCC_C_LANGUAGE_STANDARD = gnu17;
				GCC_DYNAMIC_NO_PIC = NO;
				GCC_NO_COMMON_BLOCKS = YES;
				GCC_OPTIMIZATION_LEVEL = 0;
				GCC_PREPROCESSOR_DEFINITIONS = (
					"DEBUG=1",
					"$(inherited)",
				);
				GCC_WARN_64_TO_32_BIT_CONVERSION = YES;
				GCC_WARN_ABOUT_RETURN_TYPE = YES_ERROR;
				GCC_WARN_UNDECLARED_SELECTOR = YES;
				GCC_WARN_UNINITIALIZED_AUTOS = YES_AGGRESSIVE;
				GCC_WARN_UNUSED_FUNCTION = YES;
				GCC_WARN_UNUSED_VARIABLE = YES;
				IPHONEOS_DEPLOYMENT_TARGET = 18.5;
				LOCALIZATION_PREFERS_STRING_CATALOGS = YES;
				MTL_ENABLE_DEBUG_INFO = INCLUDE_SOURCE;
				MTL_FAST_MATH = YES;
				ONLY_ACTIVE_ARCH = YES;
				SDKROOT = iphoneos;
				SWIFT_ACTIVE_COMPILATION_CONDITIONS = "DEBUG $(inherited)";
				SWIFT_OPTIMIZATION_LEVEL = "-Onone";
			};
			name = Debug;
		};
		C961F3B42E070D61005554E6 /* Release */ = {
			isa = XCBuildConfiguration;
			buildSettings = {
				ALWAYS_SEARCH_USER_PATHS = NO;
				ASSETCATALOG_COMPILER_GENERATE_SWIFT_ASSET_SYMBOL_EXTENSIONS = YES;
				CLANG_ANALYZER_NONNULL = YES;
				CLANG_ANALYZER_NUMBER_OBJECT_CONVERSION = YES_AGGRESSIVE;
				CLANG_CXX_LANGUAGE_STANDARD = "gnu++20";
				CLANG_ENABLE_MODULES = YES;
				CLANG_ENABLE_OBJC_ARC = YES;
				CLANG_ENABLE_OBJC_WEAK = YES;
				CLANG_WARN_BLOCK_CAPTURE_AUTORELEASING = YES;
				CLANG_WARN_BOOL_CONVERSION = YES;
				CLANG_WARN_COMMA = YES;
				CLANG_WARN_CONSTANT_CONVERSION = YES;
				CLANG_WARN_DEPRECATED_OBJC_IMPLEMENTATIONS = YES;
				CLANG_WARN_DIRECT_OBJC_ISA_USAGE = YES_ERROR;
				CLANG_WARN_DOCUMENTATION_COMMENTS = YES;
				CLANG_WARN_EMPTY_BODY = YES;
				CLANG_WARN_ENUM_CONVERSION = YES;
				CLANG_WARN_INFINITE_RECURSION = YES;
				CLANG_WARN_INT_CONVERSION = YES;
				CLANG_WARN_NON_LITERAL_NULL_CONVERSION = YES;
				CLANG_WARN_OBJC_IMPLICIT_RETAIN_SELF = YES;
				CLANG_WARN_OBJC_LITERAL_CONVERSION = YES;
				CLANG_WARN_OBJC_ROOT_CLASS = YES_ERROR;
				CLANG_WARN_QUOTED_INCLUDE_IN_FRAMEWORK_HEADER = YES;
				CLANG_WARN_RANGE_LOOP_ANALYSIS = YES;
				CLANG_WARN_STRICT_PROTOTYPES = YES;
				CLANG_WARN_SUSPICIOUS_MOVE = YES;
				CLANG_WARN_UNGUARDED_AVAILABILITY = YES_AGGRESSIVE;
				CLANG_WARN_UNREACHABLE_CODE = YES;
				CLANG_WARN__DUPLICATE_METHOD_MATCH = YES;
				COPY_PHASE_STRIP = NO;
				DEBUG_INFORMATION_FORMAT = "dwarf-with-dsym";
				DEVELOPMENT_TEAM = ZL2YN8F727;
				ENABLE_NS_ASSERTIONS = NO;
				ENABLE_STRICT_OBJC_MSGSEND = YES;
				ENABLE_USER_SCRIPT_SANDBOXING = YES;
				GCC_C_LANGUAGE_STANDARD = gnu17;
				GCC_NO_COMMON_BLOCKS = YES;
				GCC_WARN_64_TO_32_BIT_CONVERSION = YES;
				GCC_WARN_ABOUT_RETURN_TYPE = YES_ERROR;
				GCC_WARN_UNDECLARED_SELECTOR = YES;
				GCC_WARN_UNINITIALIZED_AUTOS = YES_AGGRESSIVE;
				GCC_WARN_UNUSED_FUNCTION = YES;
				GCC_WARN_UNUSED_VARIABLE = YES;
				IPHONEOS_DEPLOYMENT_TARGET = 18.5;
				LOCALIZATION_PREFERS_STRING_CATALOGS = YES;
				MTL_ENABLE_DEBUG_INFO = NO;
				MTL_FAST_MATH = YES;
				SDKROOT = iphoneos;
				SWIFT_COMPILATION_MODE = wholemodule;
				VALIDATE_PRODUCT = YES;
			};
			name = Release;
		};
		C961F3B62E070D61005554E6 /* Debug */ = {
			isa = XCBuildConfiguration;
			buildSettings = {
				ASSETCATALOG_COMPILER_APPICON_NAME = AppIcon;
				ASSETCATALOG_COMPILER_GLOBAL_ACCENT_COLOR_NAME = AccentColor;
				CODE_SIGN_STYLE = Automatic;
				CURRENT_PROJECT_VERSION = 1;
				DEVELOPMENT_TEAM = ZL2YN8F727;
				ENABLE_PREVIEWS = YES;
				GENERATE_INFOPLIST_FILE = YES;
				INFOPLIST_KEY_UIApplicationSceneManifest_Generation = YES;
				INFOPLIST_KEY_UIApplicationSupportsIndirectInputEvents = YES;
				INFOPLIST_KEY_UILaunchScreen_Generation = YES;
				INFOPLIST_KEY_UISupportedInterfaceOrientations_iPad = "UIInterfaceOrientationPortrait UIInterfaceOrientationPortraitUpsideDown UIInterfaceOrientationLandscapeLeft UIInterfaceOrientationLandscapeRight";
				INFOPLIST_KEY_UISupportedInterfaceOrientations_iPhone = "UIInterfaceOrientationPortrait UIInterfaceOrientationLandscapeLeft UIInterfaceOrientationLandscapeRight";
				LD_RUNPATH_SEARCH_PATHS = (
					"$(inherited)",
					"@executable_path/Frameworks",
				);
				MARKETING_VERSION = 1.0;
				PRODUCT_BUNDLE_IDENTIFIER = "com.codefs.swift-ui-components";
				PRODUCT_NAME = "$(TARGET_NAME)";
				SWIFT_EMIT_LOC_STRINGS = YES;
				SWIFT_VERSION = 5.0;
				TARGETED_DEVICE_FAMILY = "1,2";
			};
			name = Debug;
		};
		C961F3B72E070D61005554E6 /* Release */ = {
			isa = XCBuildConfiguration;
			buildSettings = {
				ASSETCATALOG_COMPILER_APPICON_NAME = AppIcon;
				ASSETCATALOG_COMPILER_GLOBAL_ACCENT_COLOR_NAME = AccentColor;
				CODE_SIGN_STYLE = Automatic;
				CURRENT_PROJECT_VERSION = 1;
				DEVELOPMENT_TEAM = ZL2YN8F727;
				ENABLE_PREVIEWS = YES;
				GENERATE_INFOPLIST_FILE = YES;
				INFOPLIST_KEY_UIApplicationSceneManifest_Generation = YES;
				INFOPLIST_KEY_UIApplicationSupportsIndirectInputEvents = YES;
				INFOPLIST_KEY_UILaunchScreen_Generation = YES;
				INFOPLIST_KEY_UISupportedInterfaceOrientations_iPad = "UIInterfaceOrientationPortrait UIInterfaceOrientationPortraitUpsideDown UIInterfaceOrientationLandscapeLeft UIInterfaceOrientationLandscapeRight";
				INFOPLIST_KEY_UISupportedInterfaceOrientations_iPhone = "UIInterfaceOrientationPortrait UIInterfaceOrientationLandscapeLeft UIInterfaceOrientationLandscapeRight";
				LD_RUNPATH_SEARCH_PATHS = (
					"$(inherited)",
					"@executable_path/Frameworks",
				);
				MARKETING_VERSION = 1.0;
				PRODUCT_BUNDLE_IDENTIFIER = "com.codefs.swift-ui-components";
				PRODUCT_NAME = "$(TARGET_NAME)";
				SWIFT_EMIT_LOC_STRINGS = YES;
				SWIFT_VERSION = 5.0;
				TARGETED_DEVICE_FAMILY = "1,2";
			};
			name = Release;
		};
		C961F3B92E070D61005554E6 /* Debug */ = {
			isa = XCBuildConfiguration;
			buildSettings = {
				BUNDLE_LOADER = "$(TEST_HOST)";
				CODE_SIGN_STYLE = Automatic;
				CURRENT_PROJECT_VERSION = 1;
				DEVELOPMENT_TEAM = ZL2YN8F727;
				GENERATE_INFOPLIST_FILE = YES;
				IPHONEOS_DEPLOYMENT_TARGET = 18.5;
				MARKETING_VERSION = 1.0;
				PRODUCT_BUNDLE_IDENTIFIER = "com.codefs.swift-ui-componentsTests";
				PRODUCT_NAME = "$(TARGET_NAME)";
				SWIFT_EMIT_LOC_STRINGS = NO;
				SWIFT_VERSION = 5.0;
				TARGETED_DEVICE_FAMILY = "1,2";
				TEST_HOST = "$(BUILT_PRODUCTS_DIR)/swift-ui-components.app/$(BUNDLE_EXECUTABLE_FOLDER_PATH)/swift-ui-components";
			};
			name = Debug;
		};
		C961F3BA2E070D61005554E6 /* Release */ = {
			isa = XCBuildConfiguration;
			buildSettings = {
				BUNDLE_LOADER = "$(TEST_HOST)";
				CODE_SIGN_STYLE = Automatic;
				CURRENT_PROJECT_VERSION = 1;
				DEVELOPMENT_TEAM = ZL2YN8F727;
				GENERATE_INFOPLIST_FILE = YES;
				IPHONEOS_DEPLOYMENT_TARGET = 18.5;
				MARKETING_VERSION = 1.0;
				PRODUCT_BUNDLE_IDENTIFIER = "com.codefs.swift-ui-componentsTests";
				PRODUCT_NAME = "$(TARGET_NAME)";
				SWIFT_EMIT_LOC_STRINGS = NO;
				SWIFT_VERSION = 5.0;
				TARGETED_DEVICE_FAMILY = "1,2";
				TEST_HOST = "$(BUILT_PRODUCTS_DIR)/swift-ui-components.app/$(BUNDLE_EXECUTABLE_FOLDER_PATH)/swift-ui-components";
			};
			name = Release;
		};
		C961F3BC2E070D61005554E6 /* Debug */ = {
			isa = XCBuildConfiguration;
			buildSettings = {
				CODE_SIGN_STYLE = Automatic;
				CURRENT_PROJECT_VERSION = 1;
				DEVELOPMENT_TEAM = ZL2YN8F727;
				GENERATE_INFOPLIST_FILE = YES;
				MARKETING_VERSION = 1.0;
				PRODUCT_BUNDLE_IDENTIFIER = "com.codefs.swift-ui-componentsUITests";
				PRODUCT_NAME = "$(TARGET_NAME)";
				SWIFT_EMIT_LOC_STRINGS = NO;
				SWIFT_VERSION = 5.0;
				TARGETED_DEVICE_FAMILY = "1,2";
				TEST_TARGET_NAME = "swift-ui-components";
			};
			name = Debug;
		};
		C961F3BD2E070D61005554E6 /* Release */ = {
			isa = XCBuildConfiguration;
			buildSettings = {
				CODE_SIGN_STYLE = Automatic;
				CURRENT_PROJECT_VERSION = 1;
				DEVELOPMENT_TEAM = ZL2YN8F727;
				GENERATE_INFOPLIST_FILE = YES;
				MARKETING_VERSION = 1.0;
				PRODUCT_BUNDLE_IDENTIFIER = "com.codefs.swift-ui-componentsUITests";
				PRODUCT_NAME = "$(TARGET_NAME)";
				SWIFT_EMIT_LOC_STRINGS = NO;
				SWIFT_VERSION = 5.0;
				TARGETED_DEVICE_FAMILY = "1,2";
				TEST_TARGET_NAME = "swift-ui-components";
			};
			name = Release;
		};
/* End XCBuildConfiguration section */

/* Begin XCConfigurationList section */
		C961F38D2E070D5E005554E6 /* Build configuration list for PBXProject "swift-ui-components" */ = {
			isa = XCConfigurationList;
			buildConfigurations = (
				C961F3B32E070D61005554E6 /* Debug */,
				C961F3B42E070D61005554E6 /* Release */,
			);
			defaultConfigurationIsVisible = 0;
			defaultConfigurationName = Release;
		};
		C961F3B52E070D61005554E6 /* Build configuration list for PBXNativeTarget "swift-ui-components" */ = {
			isa = XCConfigurationList;
			buildConfigurations = (
				C961F3B62E070D61005554E6 /* Debug */,
				C961F3B72E070D61005554E6 /* Release */,
			);
			defaultConfigurationIsVisible = 0;
			defaultConfigurationName = Release;
		};
		C961F3B82E070D61005554E6 /* Build configuration list for PBXNativeTarget "swift-ui-componentsTests" */ = {
			isa = XCConfigurationList;
			buildConfigurations = (
				C961F3B92E070D61005554E6 /* Debug */,
				C961F3BA2E070D61005554E6 /* Release */,
			);
			defaultConfigurationIsVisible = 0;
			defaultConfigurationName = Release;
		};
		C961F3BB2E070D61005554E6 /* Build configuration list for PBXNativeTarget "swift-ui-componentsUITests" */ = {
			isa = XCConfigurationList;
			buildConfigurations = (
				C961F3BC2E070D61005554E6 /* Debug */,
				C961F3BD2E070D61005554E6 /* Release */,
			);
			defaultConfigurationIsVisible = 0;
			defaultConfigurationName = Release;
		};
/* End XCConfigurationList section */

/* Begin XCRemoteSwiftPackageReference section */
		C961F3E42E07C0BD005554E6 /* XCRemoteSwiftPackageReference "SDWebImageSwiftUI" */ = {
			isa = XCRemoteSwiftPackageReference;
			repositoryURL = "https://github.com/SDWebImage/SDWebImageSwiftUI";
			requirement = {
				kind = upToNextMajorVersion;
				minimumVersion = 3.1.3;
			};
		};
/* End XCRemoteSwiftPackageReference section */

/* Begin XCSwiftPackageProductDependency section */
		C961F3E52E07C0BD005554E6 /* SDWebImageSwiftUI */ = {
			isa = XCSwiftPackageProductDependency;
			package = C961F3E42E07C0BD005554E6 /* XCRemoteSwiftPackageReference "SDWebImageSwiftUI" */;
			productName = SDWebImageSwiftUI;
		};
/* End XCSwiftPackageProductDependency section */
	};
	rootObject = C961F38A2E070D5E005554E6 /* Project object */;
}
